// !$*UTF8*$!
{
	archiveVersion = 1;
	classes = {
	};
	objectVersion = 46;
	objects = {

/* Begin PBXBuildFile section */
		1231A430197998A8003BF6AD /* NTRMacrosTests.m in Sources */ = {isa = PBXBuildFile; fileRef = 1231A42F197998A8003BF6AD /* NTRMacrosTests.m */; };
		128E5BE4197813C6002F9447 /* Foundation.framework in Frameworks */ = {isa = PBXBuildFile; fileRef = 128E5BE3197813C6002F9447 /* Foundation.framework */; };
		128E5BE9197813C6002F9447 /* NitroMisc.h in CopyFiles */ = {isa = PBXBuildFile; fileRef = 128E5BE8197813C6002F9447 /* NitroMisc.h */; };
		128E5BF2197813C6002F9447 /* XCTest.framework in Frameworks */ = {isa = PBXBuildFile; fileRef = 128E5BF1197813C6002F9447 /* XCTest.framework */; };
		128E5BF3197813C6002F9447 /* Foundation.framework in Frameworks */ = {isa = PBXBuildFile; fileRef = 128E5BE3197813C6002F9447 /* Foundation.framework */; };
		128E5BF8197813C6002F9447 /* libNitroMisc.a in Frameworks */ = {isa = PBXBuildFile; fileRef = 128E5BE0197813C6002F9447 /* libNitroMisc.a */; };
		128E5C1C1979857B002F9447 /* NTRLoggingTests.m in Sources */ = {isa = PBXBuildFile; fileRef = 128E5C1B1979857B002F9447 /* NTRLoggingTests.m */; };
		128E5C2719798597002F9447 /* NSBundle+Utils_Nitro.m in Sources */ = {isa = PBXBuildFile; fileRef = 128E5C1E19798597002F9447 /* NSBundle+Utils_Nitro.m */; };
		128E5C2819798597002F9447 /* NSError+Utils_Nitro.m in Sources */ = {isa = PBXBuildFile; fileRef = 128E5C2019798597002F9447 /* NSError+Utils_Nitro.m */; };
		128E5C2919798597002F9447 /* NSInvocation+Utils_Nitro.m in Sources */ = {isa = PBXBuildFile; fileRef = 128E5C2219798597002F9447 /* NSInvocation+Utils_Nitro.m */; };
		FE6929E5313F4884A151E917 /* libPods-NitroMiscTests.a in Frameworks */ = {isa = PBXBuildFile; fileRef = 79BE2FE5B0F846579EE40710 /* libPods-NitroMiscTests.a */; };
/* End PBXBuildFile section */

/* Begin PBXContainerItemProxy section */
		128E5BF6197813C6002F9447 /* PBXContainerItemProxy */ = {
			isa = PBXContainerItemProxy;
			containerPortal = 128E5BD8197813C6002F9447 /* Project object */;
			proxyType = 1;
			remoteGlobalIDString = 128E5BDF197813C6002F9447;
			remoteInfo = NitroMisc;
		};
/* End PBXContainerItemProxy section */

/* Begin PBXCopyFilesBuildPhase section */
		128E5BDE197813C6002F9447 /* CopyFiles */ = {
			isa = PBXCopyFilesBuildPhase;
			buildActionMask = 2147483647;
			dstPath = "include/$(PRODUCT_NAME)";
			dstSubfolderSpec = 16;
			files = (
				128E5BE9197813C6002F9447 /* NitroMisc.h in CopyFiles */,
			);
			runOnlyForDeploymentPostprocessing = 0;
		};
/* End PBXCopyFilesBuildPhase section */

/* Begin PBXFileReference section */
		1231A42F197998A8003BF6AD /* NTRMacrosTests.m */ = {isa = PBXFileReference; fileEncoding = 4; lastKnownFileType = sourcecode.c.objc; path = NTRMacrosTests.m; sourceTree = "<group>"; };
		128E5BE0197813C6002F9447 /* libNitroMisc.a */ = {isa = PBXFileReference; explicitFileType = archive.ar; includeInIndex = 0; path = libNitroMisc.a; sourceTree = BUILT_PRODUCTS_DIR; };
		128E5BE3197813C6002F9447 /* Foundation.framework */ = {isa = PBXFileReference; lastKnownFileType = wrapper.framework; name = Foundation.framework; path = System/Library/Frameworks/Foundation.framework; sourceTree = SDKROOT; };
		128E5BE8197813C6002F9447 /* NitroMisc.h */ = {isa = PBXFileReference; lastKnownFileType = sourcecode.c.h; path = NitroMisc.h; sourceTree = "<group>"; };
		128E5BF0197813C6002F9447 /* NitroMiscTests.xctest */ = {isa = PBXFileReference; explicitFileType = wrapper.cfbundle; includeInIndex = 0; path = NitroMiscTests.xctest; sourceTree = BUILT_PRODUCTS_DIR; };
		128E5BF1197813C6002F9447 /* XCTest.framework */ = {isa = PBXFileReference; lastKnownFileType = wrapper.framework; name = XCTest.framework; path = Library/Frameworks/XCTest.framework; sourceTree = DEVELOPER_DIR; };
		128E5C1919798513002F9447 /* UIKit.framework */ = {isa = PBXFileReference; lastKnownFileType = wrapper.framework; name = UIKit.framework; path = System/Library/Frameworks/UIKit.framework; sourceTree = SDKROOT; };
		128E5C1B1979857B002F9447 /* NTRLoggingTests.m */ = {isa = PBXFileReference; fileEncoding = 4; lastKnownFileType = sourcecode.c.objc; path = NTRLoggingTests.m; sourceTree = "<group>"; };
		128E5C1D19798597002F9447 /* NSBundle+Utils_Nitro.h */ = {isa = PBXFileReference; fileEncoding = 4; lastKnownFileType = sourcecode.c.h; path = "NSBundle+Utils_Nitro.h"; sourceTree = "<group>"; };
		128E5C1E19798597002F9447 /* NSBundle+Utils_Nitro.m */ = {isa = PBXFileReference; fileEncoding = 4; lastKnownFileType = sourcecode.c.objc; path = "NSBundle+Utils_Nitro.m"; sourceTree = "<group>"; };
		128E5C1F19798597002F9447 /* NSError+Utils_Nitro.h */ = {isa = PBXFileReference; fileEncoding = 4; lastKnownFileType = sourcecode.c.h; path = "NSError+Utils_Nitro.h"; sourceTree = "<group>"; };
		128E5C2019798597002F9447 /* NSError+Utils_Nitro.m */ = {isa = PBXFileReference; fileEncoding = 4; lastKnownFileType = sourcecode.c.objc; path = "NSError+Utils_Nitro.m"; sourceTree = "<group>"; };
		128E5C2119798597002F9447 /* NSInvocation+Utils_Nitro.h */ = {isa = PBXFileReference; fileEncoding = 4; lastKnownFileType = sourcecode.c.h; path = "NSInvocation+Utils_Nitro.h"; sourceTree = "<group>"; };
		128E5C2219798597002F9447 /* NSInvocation+Utils_Nitro.m */ = {isa = PBXFileReference; fileEncoding = 4; lastKnownFileType = sourcecode.c.objc; path = "NSInvocation+Utils_Nitro.m"; sourceTree = "<group>"; };
		128E5C2319798597002F9447 /* NTRLogging.h */ = {isa = PBXFileReference; fileEncoding = 4; lastKnownFileType = sourcecode.c.h; path = NTRLogging.h; sourceTree = "<group>"; };
		128E5C2519798597002F9447 /* NTRMacros.h */ = {isa = PBXFileReference; fileEncoding = 4; lastKnownFileType = sourcecode.c.h; path = NTRMacros.h; sourceTree = "<group>"; };
		128E5C2619798597002F9447 /* NTRSynthesizeSingleton.h */ = {isa = PBXFileReference; fileEncoding = 4; lastKnownFileType = sourcecode.c.h; path = NTRSynthesizeSingleton.h; sourceTree = "<group>"; };
		79BE2FE5B0F846579EE40710 /* libPods-NitroMiscTests.a */ = {isa = PBXFileReference; explicitFileType = archive.ar; includeInIndex = 0; path = "libPods-NitroMiscTests.a"; sourceTree = BUILT_PRODUCTS_DIR; };
		C89414DFAA18467696964881 /* Pods-NitroMiscTests.xcconfig */ = {isa = PBXFileReference; includeInIndex = 1; lastKnownFileType = text.xcconfig; name = "Pods-NitroMiscTests.xcconfig"; path = "Pods/Pods-NitroMiscTests.xcconfig"; sourceTree = "<group>"; };
/* End PBXFileReference section */

/* Begin PBXFrameworksBuildPhase section */
		128E5BDD197813C6002F9447 /* Frameworks */ = {
			isa = PBXFrameworksBuildPhase;
			buildActionMask = 2147483647;
			files = (
				128E5BE4197813C6002F9447 /* Foundation.framework in Frameworks */,
			);
			runOnlyForDeploymentPostprocessing = 0;
		};
		128E5BED197813C6002F9447 /* Frameworks */ = {
			isa = PBXFrameworksBuildPhase;
			buildActionMask = 2147483647;
			files = (
				128E5BF8197813C6002F9447 /* libNitroMisc.a in Frameworks */,
				128E5BF3197813C6002F9447 /* Foundation.framework in Frameworks */,
				128E5BF2197813C6002F9447 /* XCTest.framework in Frameworks */,
				FE6929E5313F4884A151E917 /* libPods-NitroMiscTests.a in Frameworks */,
			);
			runOnlyForDeploymentPostprocessing = 0;
		};
/* End PBXFrameworksBuildPhase section */

/* Begin PBXGroup section */
		128E5BD7197813C6002F9447 = {
			isa = PBXGroup;
			children = (
				128E5BE5197813C6002F9447 /* NitroMisc */,
				128E5BF9197813C6002F9447 /* NitroMiscTests */,
				128E5BE2197813C6002F9447 /* Frameworks */,
				128E5BE1197813C6002F9447 /* Products */,
				C89414DFAA18467696964881 /* Pods-NitroMiscTests.xcconfig */,
			);
			sourceTree = "<group>";
		};
		128E5BE1197813C6002F9447 /* Products */ = {
			isa = PBXGroup;
			children = (
				128E5BE0197813C6002F9447 /* libNitroMisc.a */,
				128E5BF0197813C6002F9447 /* NitroMiscTests.xctest */,
			);
			name = Products;
			sourceTree = "<group>";
		};
		128E5BE2197813C6002F9447 /* Frameworks */ = {
			isa = PBXGroup;
			children = (
				128E5C1919798513002F9447 /* UIKit.framework */,
				128E5BE3197813C6002F9447 /* Foundation.framework */,
				128E5BF1197813C6002F9447 /* XCTest.framework */,
				79BE2FE5B0F846579EE40710 /* libPods-NitroMiscTests.a */,
			);
			name = Frameworks;
			sourceTree = "<group>";
		};
		128E5BE5197813C6002F9447 /* NitroMisc */ = {
			isa = PBXGroup;
			children = (
				128E5BE8197813C6002F9447 /* NitroMisc.h */,
				128E5C1D19798597002F9447 /* NSBundle+Utils_Nitro.h */,
				128E5C1E19798597002F9447 /* NSBundle+Utils_Nitro.m */,
				128E5C1F19798597002F9447 /* NSError+Utils_Nitro.h */,
				128E5C2019798597002F9447 /* NSError+Utils_Nitro.m */,
				128E5C2119798597002F9447 /* NSInvocation+Utils_Nitro.h */,
				128E5C2219798597002F9447 /* NSInvocation+Utils_Nitro.m */,
				128E5C2319798597002F9447 /* NTRLogging.h */,
				128E5C2519798597002F9447 /* NTRMacros.h */,
				128E5C2619798597002F9447 /* NTRSynthesizeSingleton.h */,
			);
			path = NitroMisc;
			sourceTree = "<group>";
		};
		128E5BF9197813C6002F9447 /* NitroMiscTests */ = {
			isa = PBXGroup;
			children = (
				128E5C1B1979857B002F9447 /* NTRLoggingTests.m */,
				1231A42F197998A8003BF6AD /* NTRMacrosTests.m */,
			);
			path = NitroMiscTests;
			sourceTree = "<group>";
		};
/* End PBXGroup section */

/* Begin PBXNativeTarget section */
		128E5BDF197813C6002F9447 /* NitroMisc */ = {
			isa = PBXNativeTarget;
			buildConfigurationList = 128E5C03197813C6002F9447 /* Build configuration list for PBXNativeTarget "NitroMisc" */;
			buildPhases = (
				128E5BDC197813C6002F9447 /* Sources */,
				128E5BDD197813C6002F9447 /* Frameworks */,
				128E5BDE197813C6002F9447 /* CopyFiles */,
			);
			buildRules = (
			);
			dependencies = (
			);
			name = NitroMisc;
			productName = NitroMisc;
			productReference = 128E5BE0197813C6002F9447 /* libNitroMisc.a */;
			productType = "com.apple.product-type.library.static";
		};
		128E5BEF197813C6002F9447 /* NitroMiscTests */ = {
			isa = PBXNativeTarget;
			buildConfigurationList = 128E5C06197813C6002F9447 /* Build configuration list for PBXNativeTarget "NitroMiscTests" */;
			buildPhases = (
				765EA20A239B403CA0A528B8 /* Check Pods Manifest.lock */,
				128E5BEC197813C6002F9447 /* Sources */,
				128E5BED197813C6002F9447 /* Frameworks */,
				128E5BEE197813C6002F9447 /* Resources */,
				C40DFCCE9EC043AC91D5E5BE /* Copy Pods Resources */,
			);
			buildRules = (
			);
			dependencies = (
				128E5BF7197813C6002F9447 /* PBXTargetDependency */,
			);
			name = NitroMiscTests;
			productName = NitroMiscTests;
			productReference = 128E5BF0197813C6002F9447 /* NitroMiscTests.xctest */;
			productType = "com.apple.product-type.bundle.unit-test";
		};
/* End PBXNativeTarget section */

/* Begin PBXProject section */
		128E5BD8197813C6002F9447 /* Project object */ = {
			isa = PBXProject;
			attributes = {
				LastUpgradeCheck = 0510;
				ORGANIZATIONNAME = "Daniel L. Alves";
				TargetAttributes = {
					128E5BEF197813C6002F9447 = {
						TestTargetID = 128E5BDF197813C6002F9447;
					};
				};
			};
			buildConfigurationList = 128E5BDB197813C6002F9447 /* Build configuration list for PBXProject "NitroMisc" */;
			compatibilityVersion = "Xcode 3.2";
			developmentRegion = English;
			hasScannedForEncodings = 0;
			knownRegions = (
				en,
			);
			mainGroup = 128E5BD7197813C6002F9447;
			productRefGroup = 128E5BE1197813C6002F9447 /* Products */;
			projectDirPath = "";
			projectRoot = "";
			targets = (
				128E5BDF197813C6002F9447 /* NitroMisc */,
				128E5BEF197813C6002F9447 /* NitroMiscTests */,
			);
		};
/* End PBXProject section */

/* Begin PBXResourcesBuildPhase section */
		128E5BEE197813C6002F9447 /* Resources */ = {
			isa = PBXResourcesBuildPhase;
			buildActionMask = 2147483647;
			files = (
			);
			runOnlyForDeploymentPostprocessing = 0;
		};
/* End PBXResourcesBuildPhase section */

/* Begin PBXShellScriptBuildPhase section */
		765EA20A239B403CA0A528B8 /* Check Pods Manifest.lock */ = {
			isa = PBXShellScriptBuildPhase;
			buildActionMask = 2147483647;
			files = (
			);
			inputPaths = (
			);
			name = "Check Pods Manifest.lock";
			outputPaths = (
			);
			runOnlyForDeploymentPostprocessing = 0;
			shellPath = /bin/sh;
			shellScript = "diff \"${PODS_ROOT}/../Podfile.lock\" \"${PODS_ROOT}/Manifest.lock\" > /dev/null\nif [[ $? != 0 ]] ; then\n    cat << EOM\nerror: The sandbox is not in sync with the Podfile.lock. Run 'pod install' or update your CocoaPods installation.\nEOM\n    exit 1\nfi\n";
			showEnvVarsInLog = 0;
		};
		C40DFCCE9EC043AC91D5E5BE /* Copy Pods Resources */ = {
			isa = PBXShellScriptBuildPhase;
			buildActionMask = 2147483647;
			files = (
			);
			inputPaths = (
			);
			name = "Copy Pods Resources";
			outputPaths = (
			);
			runOnlyForDeploymentPostprocessing = 0;
			shellPath = /bin/sh;
			shellScript = "\"${SRCROOT}/Pods/Pods-NitroMiscTests-resources.sh\"\n";
			showEnvVarsInLog = 0;
		};
/* End PBXShellScriptBuildPhase section */

/* Begin PBXSourcesBuildPhase section */
		128E5BDC197813C6002F9447 /* Sources */ = {
			isa = PBXSourcesBuildPhase;
			buildActionMask = 2147483647;
			files = (
				128E5C2819798597002F9447 /* NSError+Utils_Nitro.m in Sources */,
				128E5C2719798597002F9447 /* NSBundle+Utils_Nitro.m in Sources */,
				128E5C2919798597002F9447 /* NSInvocation+Utils_Nitro.m in Sources */,
			);
			runOnlyForDeploymentPostprocessing = 0;
		};
		128E5BEC197813C6002F9447 /* Sources */ = {
			isa = PBXSourcesBuildPhase;
			buildActionMask = 2147483647;
			files = (
				128E5C1C1979857B002F9447 /* NTRLoggingTests.m in Sources */,
				1231A430197998A8003BF6AD /* NTRMacrosTests.m in Sources */,
			);
			runOnlyForDeploymentPostprocessing = 0;
		};
/* End PBXSourcesBuildPhase section */

/* Begin PBXTargetDependency section */
		128E5BF7197813C6002F9447 /* PBXTargetDependency */ = {
			isa = PBXTargetDependency;
			target = 128E5BDF197813C6002F9447 /* NitroMisc */;
			targetProxy = 128E5BF6197813C6002F9447 /* PBXContainerItemProxy */;
		};
/* End PBXTargetDependency section */

/* Begin XCBuildConfiguration section */
		128E5C01197813C6002F9447 /* Debug */ = {
			isa = XCBuildConfiguration;
			buildSettings = {
				ALWAYS_SEARCH_USER_PATHS = NO;
				CLANG_CXX_LANGUAGE_STANDARD = "gnu++0x";
				CLANG_CXX_LIBRARY = "libc++";
				CLANG_ENABLE_MODULES = YES;
				CLANG_ENABLE_OBJC_ARC = YES;
				CLANG_WARN_BOOL_CONVERSION = YES;
				CLANG_WARN_CONSTANT_CONVERSION = YES;
				CLANG_WARN_DIRECT_OBJC_ISA_USAGE = YES_ERROR;
				CLANG_WARN_EMPTY_BODY = YES;
				CLANG_WARN_ENUM_CONVERSION = YES;
				CLANG_WARN_INT_CONVERSION = YES;
				CLANG_WARN_OBJC_ROOT_CLASS = YES_ERROR;
				CLANG_WARN__DUPLICATE_METHOD_MATCH = YES;
				COPY_PHASE_STRIP = NO;
				GCC_C_LANGUAGE_STANDARD = gnu99;
				GCC_DYNAMIC_NO_PIC = NO;
				GCC_OPTIMIZATION_LEVEL = 0;
				GCC_PREPROCESSOR_DEFINITIONS = (
					"DEBUG=1",
					"$(inherited)",
				);
				GCC_SYMBOLS_PRIVATE_EXTERN = NO;
				GCC_WARN_64_TO_32_BIT_CONVERSION = YES;
				GCC_WARN_ABOUT_RETURN_TYPE = YES_ERROR;
				GCC_WARN_UNDECLARED_SELECTOR = YES;
				GCC_WARN_UNINITIALIZED_AUTOS = YES_AGGRESSIVE;
				GCC_WARN_UNUSED_FUNCTION = YES;
				GCC_WARN_UNUSED_VARIABLE = YES;
				IPHONEOS_DEPLOYMENT_TARGET = 4.3;
				ONLY_ACTIVE_ARCH = YES;
				OTHER_LDFLAGS = (
					"-all_load",
					"-ObjC",
				);
				SDKROOT = iphoneos;
			};
			name = Debug;
		};
		128E5C02197813C6002F9447 /* Release */ = {
			isa = XCBuildConfiguration;
			buildSettings = {
				ALWAYS_SEARCH_USER_PATHS = NO;
				CLANG_CXX_LANGUAGE_STANDARD = "gnu++0x";
				CLANG_CXX_LIBRARY = "libc++";
				CLANG_ENABLE_MODULES = YES;
				CLANG_ENABLE_OBJC_ARC = YES;
				CLANG_WARN_BOOL_CONVERSION = YES;
				CLANG_WARN_CONSTANT_CONVERSION = YES;
				CLANG_WARN_DIRECT_OBJC_ISA_USAGE = YES_ERROR;
				CLANG_WARN_EMPTY_BODY = YES;
				CLANG_WARN_ENUM_CONVERSION = YES;
				CLANG_WARN_INT_CONVERSION = YES;
				CLANG_WARN_OBJC_ROOT_CLASS = YES_ERROR;
				CLANG_WARN__DUPLICATE_METHOD_MATCH = YES;
				COPY_PHASE_STRIP = YES;
				ENABLE_NS_ASSERTIONS = NO;
				GCC_C_LANGUAGE_STANDARD = gnu99;
				GCC_WARN_64_TO_32_BIT_CONVERSION = YES;
				GCC_WARN_ABOUT_RETURN_TYPE = YES_ERROR;
				GCC_WARN_UNDECLARED_SELECTOR = YES;
				GCC_WARN_UNINITIALIZED_AUTOS = YES_AGGRESSIVE;
				GCC_WARN_UNUSED_FUNCTION = YES;
				GCC_WARN_UNUSED_VARIABLE = YES;
				IPHONEOS_DEPLOYMENT_TARGET = 4.3;
				OTHER_LDFLAGS = (
					"-all_load",
					"-ObjC",
				);
				SDKROOT = iphoneos;
				VALIDATE_PRODUCT = YES;
			};
			name = Release;
		};
		128E5C04197813C6002F9447 /* Debug */ = {
			isa = XCBuildConfiguration;
			buildSettings = {
				DSTROOT = /tmp/NitroMisc.dst;
				GCC_PRECOMPILE_PREFIX_HEADER = YES;
				OTHER_LDFLAGS = "$(inherited)";
				PRODUCT_NAME = "$(TARGET_NAME)";
				SKIP_INSTALL = YES;
			};
			name = Debug;
		};
		128E5C05197813C6002F9447 /* Release */ = {
			isa = XCBuildConfiguration;
			buildSettings = {
				DSTROOT = /tmp/NitroMisc.dst;
				GCC_PRECOMPILE_PREFIX_HEADER = YES;
				OTHER_LDFLAGS = "$(inherited)";
				PRODUCT_NAME = "$(TARGET_NAME)";
				SKIP_INSTALL = YES;
			};
			name = Release;
		};
		128E5C07197813C6002F9447 /* Debug */ = {
			isa = XCBuildConfiguration;
			baseConfigurationReference = C89414DFAA18467696964881 /* Pods-NitroMiscTests.xcconfig */;
			buildSettings = {
				FRAMEWORK_SEARCH_PATHS = (
					"$(SDKROOT)/Developer/Library/Frameworks",
					"$(inherited)",
					"$(DEVELOPER_FRAMEWORKS_DIR)",
				);
				GCC_PRECOMPILE_PREFIX_HEADER = YES;
				GCC_PREPROCESSOR_DEFINITIONS = (
					"DEBUG=1",
					"$(inherited)",
				);
				IPHONEOS_DEPLOYMENT_TARGET = 7.1;
				OTHER_LDFLAGS = (
					"$(inherited)",
					"-framework",
					XCTest,
				);
				PRODUCT_NAME = "$(TARGET_NAME)";
				WRAPPER_EXTENSION = xctest;
			};
			name = Debug;
		};
		128E5C08197813C6002F9447 /* Release */ = {
			isa = XCBuildConfiguration;
			baseConfigurationReference = C89414DFAA18467696964881 /* Pods-NitroMiscTests.xcconfig */;
			buildSettings = {
				FRAMEWORK_SEARCH_PATHS = (
					"$(SDKROOT)/Developer/Library/Frameworks",
					"$(inherited)",
					"$(DEVELOPER_FRAMEWORKS_DIR)",
				);
				GCC_PRECOMPILE_PREFIX_HEADER = YES;
				IPHONEOS_DEPLOYMENT_TARGET = 7.1;
				OTHER_LDFLAGS = (
					"$(inherited)",
					"-framework",
					XCTest,
				);
				PRODUCT_NAME = "$(TARGET_NAME)";
				WRAPPER_EXTENSION = xctest;
			};
			name = Release;
		};
/* End XCBuildConfiguration section */

/* Begin XCConfigurationList section */
		128E5BDB197813C6002F9447 /* Build configuration list for PBXProject "NitroMisc" */ = {
			isa = XCConfigurationList;
			buildConfigurations = (
				128E5C01197813C6002F9447 /* Debug */,
				128E5C02197813C6002F9447 /* Release */,
			);
			defaultConfigurationIsVisible = 0;
			defaultConfigurationName = Release;
		};
		128E5C03197813C6002F9447 /* Build configuration list for PBXNativeTarget "NitroMisc" */ = {
			isa = XCConfigurationList;
			buildConfigurations = (
				128E5C04197813C6002F9447 /* Debug */,
				128E5C05197813C6002F9447 /* Release */,
			);
			defaultConfigurationIsVisible = 0;
			defaultConfigurationName = Release;
		};
		128E5C06197813C6002F9447 /* Build configuration list for PBXNativeTarget "NitroMiscTests" */ = {
			isa = XCConfigurationList;
			buildConfigurations = (
				128E5C07197813C6002F9447 /* Debug */,
				128E5C08197813C6002F9447 /* Release */,
			);
			defaultConfigurationIsVisible = 0;
			defaultConfigurationName = Release;
		};
/* End XCConfigurationList section */
	};
	rootObject = 128E5BD8197813C6002F9447 /* Project object */;
}
